
Microsoft Visual Studio Solution File, Format Version 12.00
# Visual Studio Version 17
VisualStudioVersion = 17.8.34511.84
MinimumVisualStudioVersion = 10.0.40219.1
Project("{FAE04EC0-301F-11D3-BF4B-00C04F79EFBC}") = "Wakett.Position.Service", "Wakett.Position.Service\Wakett.Position.Service.csproj", "{734EBCCD-0DED-4C97-909E-AF693999DB13}"
EndProject
Project("{FAE04EC0-301F-11D3-BF4B-00C04F79EFBC}") = "Wakett.Position.Service.Core", "Wakett.Position.Service.Core\Wakett.Position.Service.Core\Wakett.Position.Service.Core.csproj", "{47F9A4BE-7860-45F8-98BB-E8FEED7BA486}"
EndProject
Project("{FAE04EC0-301F-11D3-BF4B-00C04F79EFBC}") = "Wakett.Position.Service.Infrastructure", "Wakett.Position.Service.Infrastructure\Wakett.Position.Service.Infrastructure\Wakett.Position.Service.Infrastructure.csproj", "{1B74647E-C290-47D4-B060-458F958EF11A}"
EndProject
Project("{FAE04EC0-301F-11D3-BF4B-00C04F79EFBC}") = "Wakett.Position.Service.Tests", "Wakett.Position.Service.Tests\Wakett.Position.Service.Tests\Wakett.Position.Service.Tests.csproj", "{0F2179C1-064F-4FFF-ABB3-4B090C919F80}"
EndProject
Global
	GlobalSection(SolutionConfigurationPlatforms) = preSolution
		Debug|Any CPU = Debug|Any CPU
		Release|Any CPU = Release|Any CPU
	EndGlobalSection
	GlobalSection(ProjectConfigurationPlatforms) = postSolution
		{734EBCCD-0DED-4C97-909E-AF693999DB13}.Debug|Any CPU.ActiveCfg = Debug|Any CPU
		{734EBCCD-0DED-4C97-909E-AF693999DB13}.Debug|Any CPU.Build.0 = Debug|Any CPU
		{734EBCCD-0DED-4C97-909E-AF693999DB13}.Release|Any CPU.ActiveCfg = Release|Any CPU
		{734EBCCD-0DED-4C97-909E-AF693999DB13}.Release|Any CPU.Build.0 = Release|Any CPU
		{47F9A4BE-7860-45F8-98BB-E8FEED7BA486}.Debug|Any CPU.ActiveCfg = Debug|Any CPU
		{47F9A4BE-7860-45F8-98BB-E8FEED7BA486}.Debug|Any CPU.Build.0 = Debug|Any CPU
		{47F9A4BE-7860-45F8-98BB-E8FEED7BA486}.Release|Any CPU.ActiveCfg = Release|Any CPU
		{47F9A4BE-7860-45F8-98BB-E8FEED7BA486}.Release|Any CPU.Build.0 = Release|Any CPU
		{1B74647E-C290-47D4-B060-458F958EF11A}.Debug|Any CPU.ActiveCfg = Debug|Any CPU
		{1B74647E-C290-47D4-B060-458F958EF11A}.Debug|Any CPU.Build.0 = Debug|Any CPU
		{1B74647E-C290-47D4-B060-458F958EF11A}.Release|Any CPU.ActiveCfg = Release|Any CPU
		{1B74647E-C290-47D4-B060-458F958EF11A}.Release|Any CPU.Build.0 = Release|Any CPU
		{0F2179C1-064F-4FFF-ABB3-4B090C919F80}.Debug|Any CPU.ActiveCfg = Debug|Any CPU
		{0F2179C1-064F-4FFF-ABB3-4B090C919F80}.Debug|Any CPU.Build.0 = Debug|Any CPU
		{0F2179C1-064F-4FFF-ABB3-4B090C919F80}.Release|Any CPU.ActiveCfg = Release|Any CPU
		{0F2179C1-064F-4FFF-ABB3-4B090C919F80}.Release|Any CPU.Build.0 = Release|Any CPU
	EndGlobalSection
	GlobalSection(SolutionProperties) = preSolution
		HideSolutionNode = FALSE
	EndGlobalSection
	GlobalSection(ExtensibilityGlobals) = postSolution
		SolutionGuid = {48BA6D30-2C47-41A4-9EF4-5F0B05FC1951}
	EndGlobalSection
EndGlobal
